
Microsoft Visual Studio Solution File, Format Version 11.00
# Visual C++ Express 2010
Project("{8BC9CEB8-8B4A-11D0-8D11-00A0C91BC942}") = "cl_dll", "cl_dll\cl_dll.vcxproj", "{FF823A7E-A520-4205-940F-8F95931E1DB7}"
EndProject
Project("{8BC9CEB8-8B4A-11D0-8D11-00A0C91BC942}") = "hl", "dlls\hl.vcxproj", "{04F335B0-887E-4CE6-AAED-C4E606028AA4}"
EndProject
Global
	GlobalSection(SolutionConfigurationPlatforms) = preSolution
		Debug - HL25|Win32 = Debug - HL25|Win32
		Debug|Win32 = Debug|Win32
		Release - HL25|Win32 = Release - HL25|Win32
		Release|Win32 = Release|Win32
	EndGlobalSection
	GlobalSection(ProjectConfigurationPlatforms) = postSolution
		{FF823A7E-A520-4205-940F-8F95931E1DB7}.Debug - HL25|Win32.ActiveCfg = Debug - HL25|Win32
		{FF823A7E-A520-4205-940F-8F95931E1DB7}.Debug - HL25|Win32.Build.0 = Debug - HL25|Win32
		{FF823A7E-A520-4205-940F-8F95931E1DB7}.Debug|Win32.ActiveCfg = Debug|Win32
		{FF823A7E-A520-4205-940F-8F95931E1DB7}.Debug|Win32.Build.0 = Debug|Win32
		{FF823A7E-A520-4205-940F-8F95931E1DB7}.Release - HL25|Win32.ActiveCfg = Release - HL25|Win32
		{FF823A7E-A520-4205-940F-8F95931E1DB7}.Release - HL25|Win32.Build.0 = Release - HL25|Win32
		{FF823A7E-A520-4205-940F-8F95931E1DB7}.Release|Win32.ActiveCfg = Release|Win32
		{FF823A7E-A520-4205-940F-8F95931E1DB7}.Release|Win32.Build.0 = Release|Win32
		{04F335B0-887E-4CE6-AAED-C4E606028AA4}.Debug - HL25|Win32.ActiveCfg = Debug|Win32
		{04F335B0-887E-4CE6-AAED-C4E606028AA4}.Debug - HL25|Win32.Build.0 = Debug|Win32
		{04F335B0-887E-4CE6-AAED-C4E606028AA4}.Debug|Win32.ActiveCfg = Debug|Win32
		{04F335B0-887E-4CE6-AAED-C4E606028AA4}.Debug|Win32.Build.0 = Debug|Win32
		{04F335B0-887E-4CE6-AAED-C4E606028AA4}.Release - HL25|Win32.ActiveCfg = Release|Win32
		{04F335B0-887E-4CE6-AAED-C4E606028AA4}.Release - HL25|Win32.Build.0 = Release|Win32
		{04F335B0-887E-4CE6-AAED-C4E606028AA4}.Release|Win32.ActiveCfg = Release|Win32
		{04F335B0-887E-4CE6-AAED-C4E606028AA4}.Release|Win32.Build.0 = Release|Win32
	EndGlobalSection
	GlobalSection(SolutionProperties) = preSolution
		HideSolutionNode = FALSE
	EndGlobalSection
EndGlobal
